
Microsoft Visual Studio Solution File, Format Version 12.00
# Visual Studio Version 16
VisualStudioVersion = 16.0.31019.35
MinimumVisualStudioVersion = 10.0.40219.1
Project("{FAE04EC0-301F-11D3-BF4B-00C04F79EFBC}") = "Riivolution XML Generator", "Riivolution XML Generator\Riivolution XML Generator.csproj", "{AEFC84D4-CD7C-4277-B08D-956EB2598500}"
EndProject
Global
	GlobalSection(SolutionConfigurationPlatforms) = preSolution
		Debug|Any CPU = Debug|Any CPU
		Release|Any CPU = Release|Any CPU
	EndGlobalSection
	GlobalSection(ProjectConfigurationPlatforms) = postSolution
		{AEFC84D4-CD7C-4277-B08D-956EB2598500}.Debug|Any CPU.ActiveCfg = Debug|Any CPU
		{AEFC84D4-CD7C-4277-B08D-956EB2598500}.Debug|Any CPU.Build.0 = Debug|Any CPU
		{AEFC84D4-CD7C-4277-B08D-956EB2598500}.Release|Any CPU.ActiveCfg = Release|Any CPU
		{AEFC84D4-CD7C-4277-B08D-956EB2598500}.Release|Any CPU.Build.0 = Release|Any CPU
	EndGlobalSection
	GlobalSection(SolutionProperties) = preSolution
		HideSolutionNode = FALSE
	EndGlobalSection
	GlobalSection(ExtensibilityGlobals) = postSolution
		SolutionGuid = {A2E6D6B7-06E1-4829-B792-B414E2D77A29}
	EndGlobalSection
EndGlobal
